
Microsoft Visual Studio Solution File, Format Version 12.00
# Visual Studio Version 17
VisualStudioVersion = 17.3.32922.545
MinimumVisualStudioVersion = 10.0.40219.1
Project("{FAE04EC0-301F-11D3-BF4B-00C04F79EFBC}") = "DotNet_JWT", "DotNet_JWT\DotNet_JWT.csproj", "{9943D329-D63D-48FB-B502-BEE3F6E7162D}"
EndProject
Global
	GlobalSection(SolutionConfigurationPlatforms) = preSolution
		Debug|Any CPU = Debug|Any CPU
		Release|Any CPU = Release|Any CPU
	EndGlobalSection
	GlobalSection(ProjectConfigurationPlatforms) = postSolution
		{9943D329-D63D-48FB-B502-BEE3F6E7162D}.Debug|Any CPU.ActiveCfg = Debug|Any CPU
		{9943D329-D63D-48FB-B502-BEE3F6E7162D}.Debug|Any CPU.Build.0 = Debug|Any CPU
		{9943D329-D63D-48FB-B502-BEE3F6E7162D}.Release|Any CPU.ActiveCfg = Release|Any CPU
		{9943D329-D63D-48FB-B502-BEE3F6E7162D}.Release|Any CPU.Build.0 = Release|Any CPU
	EndGlobalSection
	GlobalSection(SolutionProperties) = preSolution
		HideSolutionNode = FALSE
	EndGlobalSection
	GlobalSection(ExtensibilityGlobals) = postSolution
		SolutionGuid = {7928A5C1-65FC-45F4-9392-DA53D5187EA8}
	EndGlobalSection
EndGlobal
